// !$*UTF8*$!
{
	archiveVersion = 1;
	classes = {
	};
	objectVersion = 46;
	objects = {

/* Begin PBXBuildFile section */
		308A2B441D8ECA7E00A77203 /* AppDelegate.swift in Sources */ = {isa = PBXBuildFile; fileRef = 308A2B431D8ECA7E00A77203 /* AppDelegate.swift */; };
		308A2B461D8ECA7E00A77203 /* ViewController.swift in Sources */ = {isa = PBXBuildFile; fileRef = 308A2B451D8ECA7E00A77203 /* ViewController.swift */; };
		308A2B491D8ECA7E00A77203 /* Main.storyboard in Resources */ = {isa = PBXBuildFile; fileRef = 308A2B471D8ECA7E00A77203 /* Main.storyboard */; };
		308A2B4B1D8ECA7E00A77203 /* Assets.xcassets in Resources */ = {isa = PBXBuildFile; fileRef = 308A2B4A1D8ECA7E00A77203 /* Assets.xcassets */; };
		308A2B4E1D8ECA7E00A77203 /* LaunchScreen.storyboard in Resources */ = {isa = PBXBuildFile; fileRef = 308A2B4C1D8ECA7E00A77203 /* LaunchScreen.storyboard */; };
		308A2B561D8EE52700A77203 /* alarm.mp3 in Resources */ = {isa = PBXBuildFile; fileRef = 308A2B551D8EE52700A77203 /* alarm.mp3 */; };
/* End PBXBuildFile section */

/* Begin PBXFileReference section */
		308A2B401D8ECA7E00A77203 /* EggTimer.app */ = {isa = PBXFileReference; explicitFileType = wrapper.application; includeInIndex = 0; path = EggTimer.app; sourceTree = BUILT_PRODUCTS_DIR; };
		308A2B431D8ECA7E00A77203 /* AppDelegate.swift */ = {isa = PBXFileReference; lastKnownFileType = sourcecode.swift; path = AppDelegate.swift; sourceTree = "<group>"; };
		308A2B451D8ECA7E00A77203 /* ViewController.swift */ = {isa = PBXFileReference; lastKnownFileType = sourcecode.swift; path = ViewController.swift; sourceTree = "<group>"; };
		308A2B481D8ECA7E00A77203 /* Base */ = {isa = PBXFileReference; lastKnownFileType = file.storyboard; name = Base; path = Base.lproj/Main.storyboard; sourceTree = "<group>"; };
		308A2B4A1D8ECA7E00A77203 /* Assets.xcassets */ = {isa = PBXFileReference; lastKnownFileType = folder.assetcatalog; path = Assets.xcassets; sourceTree = "<group>"; };
		308A2B4D1D8ECA7E00A77203 /* Base */ = {isa = PBXFileReference; lastKnownFileType = file.storyboard; name = Base; path = Base.lproj/LaunchScreen.storyboard; sourceTree = "<group>"; };
		308A2B4F1D8ECA7E00A77203 /* Info.plist */ = {isa = PBXFileReference; lastKnownFileType = text.plist.xml; path = Info.plist; sourceTree = "<group>"; };
		308A2B551D8EE52700A77203 /* alarm.mp3 */ = {isa = PBXFileReference; lastKnownFileType = audio.mp3; path = alarm.mp3; sourceTree = "<group>"; };
/* End PBXFileReference section */

/* Begin PBXFrameworksBuildPhase section */
		308A2B3D1D8ECA7E00A77203 /* Frameworks */ = {
			isa = PBXFrameworksBuildPhase;
			buildActionMask = 2147483647;
			files = (
			);
			runOnlyForDeploymentPostprocessing = 0;
		};
/* End PBXFrameworksBuildPhase section */

/* Begin PBXGroup section */
		308A2B371D8ECA7E00A77203 = {
			isa = PBXGroup;
			children = (
				308A2B421D8ECA7E00A77203 /* EggTimer */,
				308A2B411D8ECA7E00A77203 /* Products */,
			);
			sourceTree = "<group>";
		};
		308A2B411D8ECA7E00A77203 /* Products */ = {
			isa = PBXGroup;
			children = (
				308A2B401D8ECA7E00A77203 /* EggTimer.app */,
			);
			name = Products;
			sourceTree = "<group>";
		};
		308A2B421D8ECA7E00A77203 /* EggTimer */ = {
			isa = PBXGroup;
			children = (
				308A2B431D8ECA7E00A77203 /* AppDelegate.swift */,
				308A2B451D8ECA7E00A77203 /* ViewController.swift */,
				308A2B551D8EE52700A77203 /* alarm.mp3 */,
				308A2B471D8ECA7E00A77203 /* Main.storyboard */,
				308A2B4A1D8ECA7E00A77203 /* Assets.xcassets */,
				308A2B4C1D8ECA7E00A77203 /* LaunchScreen.storyboard */,
				308A2B4F1D8ECA7E00A77203 /* Info.plist */,
			);
			path = EggTimer;
			sourceTree = "<group>";
		};
/* End PBXGroup section */

/* Begin PBXNativeTarget section */
		308A2B3F1D8ECA7E00A77203 /* EggTimer */ = {
			isa = PBXNativeTarget;
			buildConfigurationList = 308A2B521D8ECA7E00A77203 /* Build configuration list for PBXNativeTarget "EggTimer" */;
			buildPhases = (
				308A2B3C1D8ECA7E00A77203 /* Sources */,
				308A2B3D1D8ECA7E00A77203 /* Frameworks */,
				308A2B3E1D8ECA7E00A77203 /* Resources */,
			);
			buildRules = (
			);
			dependencies = (
			);
			name = EggTimer;
			productName = EggTimer;
			productReference = 308A2B401D8ECA7E00A77203 /* EggTimer.app */;
			productType = "com.apple.product-type.application";
		};
/* End PBXNativeTarget section */

/* Begin PBXProject section */
		308A2B381D8ECA7E00A77203 /* Project object */ = {
			isa = PBXProject;
			attributes = {
				LastSwiftUpdateCheck = 0800;
				LastUpgradeCheck = 0800;
				ORGANIZATIONNAME = "Sandy L";
				TargetAttributes = {
					308A2B3F1D8ECA7E00A77203 = {
						CreatedOnToolsVersion = 8.0;
						DevelopmentTeam = VM2S7JNGJ4;
						ProvisioningStyle = Automatic;
					};
				};
			};
			buildConfigurationList = 308A2B3B1D8ECA7E00A77203 /* Build configuration list for PBXProject "EggTimer" */;
			compatibilityVersion = "Xcode 3.2";
			developmentRegion = English;
			hasScannedForEncodings = 0;
			knownRegions = (
				English,
				en,
				Base,
			);
			mainGroup = 308A2B371D8ECA7E00A77203;
			productRefGroup = 308A2B411D8ECA7E00A77203 /* Products */;
			projectDirPath = "";
			projectRoot = "";
			targets = (
				308A2B3F1D8ECA7E00A77203 /* EggTimer */,
			);
		};
/* End PBXProject section */

/* Begin PBXResourcesBuildPhase section */
		308A2B3E1D8ECA7E00A77203 /* Resources */ = {
			isa = PBXResourcesBuildPhase;
			buildActionMask = 2147483647;
			files = (
				308A2B561D8EE52700A77203 /* alarm.mp3 in Resources */,
				308A2B4E1D8ECA7E00A77203 /* LaunchScreen.storyboard in Resources */,
				308A2B4B1D8ECA7E00A77203 /* Assets.xcassets in Resources */,
				308A2B491D8ECA7E00A77203 /* Main.storyboard in Resources */,
			);
			runOnlyForDeploymentPostprocessing = 0;
		};
/* End PBXResourcesBuildPhase section */

/* Begin PBXSourcesBuildPhase section */
		308A2B3C1D8ECA7E00A77203 /* Sources */ = {
			isa = PBXSourcesBuildPhase;
			buildActionMask = 2147483647;
			files = (
				308A2B461D8ECA7E00A77203 /* ViewController.swift in Sources */,
				308A2B441D8ECA7E00A77203 /* AppDelegate.swift in Sources */,
			);
			runOnlyForDeploymentPostprocessing = 0;
		};
/* End PBXSourcesBuildPhase section */

/* Begin PBXVariantGroup section */
		308A2B471D8ECA7E00A77203 /* Main.storyboard */ = {
			isa = PBXVariantGroup;
			children = (
				308A2B481D8ECA7E00A77203 /* Base */,
			);
			name = Main.storyboard;
			sourceTree = "<group>";
		};
		308A2B4C1D8ECA7E00A77203 /* LaunchScreen.storyboard */ = {
			isa = PBXVariantGroup;
			children = (
				308A2B4D1D8ECA7E00A77203 /* Base */,
			);
			name = LaunchScreen.storyboard;
			sourceTree = "<group>";
		};
/* End PBXVariantGroup section */

/* Begin XCBuildConfiguration section */
		308A2B501D8ECA7E00A77203 /* Debug */ = {
			isa = XCBuildConfiguration;
			buildSettings = {
				ALWAYS_SEARCH_USER_PATHS = NO;
				CLANG_ANALYZER_NONNULL = YES;
				CLANG_CXX_LANGUAGE_STANDARD = "gnu++0x";
				CLANG_CXX_LIBRARY = "libc++";
				CLANG_ENABLE_MODULES = YES;
				CLANG_ENABLE_OBJC_ARC = YES;
				CLANG_WARN_BOOL_CONVERSION = YES;
				CLANG_WARN_CONSTANT_CONVERSION = YES;
				CLANG_WARN_DIRECT_OBJC_ISA_USAGE = YES_ERROR;
				CLANG_WARN_DOCUMENTATION_COMMENTS = YES;
				CLANG_WARN_EMPTY_BODY = YES;
				CLANG_WARN_ENUM_CONVERSION = YES;
				CLANG_WARN_INFINITE_RECURSION = YES;
				CLANG_WARN_INT_CONVERSION = YES;
				CLANG_WARN_OBJC_ROOT_CLASS = YES_ERROR;
				CLANG_WARN_SUSPICIOUS_MOVES = YES;
				CLANG_WARN_UNREACHABLE_CODE = YES;
				CLANG_WARN__DUPLICATE_METHOD_MATCH = YES;
				"CODE_SIGN_IDENTITY[sdk=iphoneos*]" = "iPhone Developer";
				COPY_PHASE_STRIP = NO;
				DEBUG_INFORMATION_FORMAT = dwarf;
				ENABLE_STRICT_OBJC_MSGSEND = YES;
				ENABLE_TESTABILITY = YES;
				GCC_C_LANGUAGE_STANDARD = gnu99;
				GCC_DYNAMIC_NO_PIC = NO;
				GCC_NO_COMMON_BLOCKS = YES;
				GCC_OPTIMIZATION_LEVEL = 0;
				GCC_PREPROCESSOR_DEFINITIONS = (
					"DEBUG=1",
					"$(inherited)",
				);
				GCC_WARN_64_TO_32_BIT_CONVERSION = YES;
				GCC_WARN_ABOUT_RETURN_TYPE = YES_ERROR;
				GCC_WARN_UNDECLARED_SELECTOR = YES;
				GCC_WARN_UNINITIALIZED_AUTOS = YES_AGGRESSIVE;
				GCC_WARN_UNUSED_FUNCTION = YES;
				GCC_WARN_UNUSED_VARIABLE = YES;
				IPHONEOS_DEPLOYMENT_TARGET = 10.0;
				MTL_ENABLE_DEBUG_INFO = YES;
				ONLY_ACTIVE_ARCH = YES;
				SDKROOT = iphoneos;
				SWIFT_ACTIVE_COMPILATION_CONDITIONS = DEBUG;
				SWIFT_OPTIMIZATION_LEVEL = "-Onone";
				TARGETED_DEVICE_FAMILY = "1,2";
			};
			name = Debug;
		};
		308A2B511D8ECA7E00A77203 /* Release */ = {
			isa = XCBuildConfiguration;
			buildSettings = {
				ALWAYS_SEARCH_USER_PATHS = NO;
				CLANG_ANALYZER_NONNULL = YES;
				CLANG_CXX_LANGUAGE_STANDARD = "gnu++0x";
				CLANG_CXX_LIBRARY = "libc++";
				CLANG_ENABLE_MODULES = YES;
				CLANG_ENABLE_OBJC_ARC = YES;
				CLANG_WARN_BOOL_CONVERSION = YES;
				CLANG_WARN_CONSTANT_CONVERSION = YES;
				CLANG_WARN_DIRECT_OBJC_ISA_USAGE = YES_ERROR;
				CLANG_WARN_DOCUMENTATION_COMMENTS = YES;
				CLANG_WARN_EMPTY_BODY = YES;
				CLANG_WARN_ENUM_CONVERSION = YES;
				CLANG_WARN_INFINITE_RECURSION = YES;
				CLANG_WARN_INT_CONVERSION = YES;
				CLANG_WARN_OBJC_ROOT_CLASS = YES_ERROR;
				CLANG_WARN_SUSPICIOUS_MOVES = YES;
				CLANG_WARN_UNREACHABLE_CODE = YES;
				CLANG_WARN__DUPLICATE_METHOD_MATCH = YES;
				"CODE_SIGN_IDENTITY[sdk=iphoneos*]" = "iPhone Developer";
				COPY_PHASE_STRIP = NO;
				DEBUG_INFORMATION_FORMAT = "dwarf-with-dsym";
				ENABLE_NS_ASSERTIONS = NO;
				ENABLE_STRICT_OBJC_MSGSEND = YES;
				GCC_C_LANGUAGE_STANDARD = gnu99;
				GCC_NO_COMMON_BLOCKS = YES;
				GCC_WARN_64_TO_32_BIT_CONVERSION = YES;
				GCC_WARN_ABOUT_RETURN_TYPE = YES_ERROR;
				GCC_WARN_UNDECLARED_SELECTOR = YES;
				GCC_WARN_UNINITIALIZED_AUTOS = YES_AGGRESSIVE;
				GCC_WARN_UNUSED_FUNCTION = YES;
				GCC_WARN_UNUSED_VARIABLE = YES;
				IPHONEOS_DEPLOYMENT_TARGET = 10.0;
				MTL_ENABLE_DEBUG_INFO = NO;
				SDKROOT = iphoneos;
				SWIFT_OPTIMIZATION_LEVEL = "-Owholemodule";
				TARGETED_DEVICE_FAMILY = "1,2";
				VALIDATE_PRODUCT = YES;
			};
			name = Release;
		};
		308A2B531D8ECA7E00A77203 /* Debug */ = {
			isa = XCBuildConfiguration;
			buildSettings = {
				ASSETCATALOG_COMPILER_APPICON_NAME = AppIcon;
				DEVELOPMENT_TEAM = VM2S7JNGJ4;
				INFOPLIST_FILE = EggTimer/Info.plist;
				LD_RUNPATH_SEARCH_PATHS = "$(inherited) @executable_path/Frameworks";
				PRODUCT_BUNDLE_IDENTIFIER = com.sandyludosky.EggTimer;
				PRODUCT_NAME = "$(TARGET_NAME)";
				SWIFT_VERSION = 5.0;
			};
			name = Debug;
		};
		308A2B541D8ECA7E00A77203 /* Release */ = {
			isa = XCBuildConfiguration;
			buildSettings = {
				ASSETCATALOG_COMPILER_APPICON_NAME = AppIcon;
				DEVELOPMENT_TEAM = VM2S7JNGJ4;
				INFOPLIST_FILE = EggTimer/Info.plist;
				LD_RUNPATH_SEARCH_PATHS = "$(inherited) @executable_path/Frameworks";
				PRODUCT_BUNDLE_IDENTIFIER = com.sandyludosky.EggTimer;
				PRODUCT_NAME = "$(TARGET_NAME)";
				SWIFT_VERSION = 5.0;
			};
			name = Release;
		};
/* End XCBuildConfiguration section */

/* Begin XCConfigurationList section */
		308A2B3B1D8ECA7E00A77203 /* Build configuration list for PBXProject "EggTimer" */ = {
			isa = XCConfigurationList;
			buildConfigurations = (
				308A2B501D8ECA7E00A77203 /* Debug */,
				308A2B511D8ECA7E00A77203 /* Release */,
			);
			defaultConfigurationIsVisible = 0;
			defaultConfigurationName = Release;
		};
		308A2B521D8ECA7E00A77203 /* Build configuration list for PBXNativeTarget "EggTimer" */ = {
			isa = XCConfigurationList;
			buildConfigurations = (
				308A2B531D8ECA7E00A77203 /* Debug */,
				308A2B541D8ECA7E00A77203 /* Release */,
			);
			defaultConfigurationIsVisible = 0;
			defaultConfigurationName = Release;
		};
/* End XCConfigurationList section */
	};
	rootObject = 308A2B381D8ECA7E00A77203 /* Project object */;
}
